
Microsoft Visual Studio Solution File, Format Version 12.00
# Visual Studio 15
VisualStudioVersion = 15.0.26430.16
MinimumVisualStudioVersion = 10.0.40219.1
Project("{FAE04EC0-301F-11D3-BF4B-00C04F79EFBC}") = "SimpleDarts", "SimpleDarts\SimpleDarts.csproj", "{E2553F03-6B21-467C-A709-B6424CC0962E}"
EndProject
Project("{FAE04EC0-301F-11D3-BF4B-00C04F79EFBC}") = "Darts", "ClassLibrary1\Darts.csproj", "{6D56286B-219A-47AF-A63D-F2EBEBE4C457}"
EndProject
Global
	GlobalSection(SolutionConfigurationPlatforms) = preSolution
		Debug|Any CPU = Debug|Any CPU
		Debug|ARM = Debug|ARM
		Debug|x64 = Debug|x64
		Debug|x86 = Debug|x86
		Release|Any CPU = Release|Any CPU
		Release|ARM = Release|ARM
		Release|x64 = Release|x64
		Release|x86 = Release|x86
	EndGlobalSection
	GlobalSection(ProjectConfigurationPlatforms) = postSolution
		{E2553F03-6B21-467C-A709-B6424CC0962E}.Debug|Any CPU.ActiveCfg = Debug|Any CPU
		{E2553F03-6B21-467C-A709-B6424CC0962E}.Debug|Any CPU.Build.0 = Debug|Any CPU
		{E2553F03-6B21-467C-A709-B6424CC0962E}.Debug|ARM.ActiveCfg = Debug|Any CPU
		{E2553F03-6B21-467C-A709-B6424CC0962E}.Debug|ARM.Build.0 = Debug|Any CPU
		{E2553F03-6B21-467C-A709-B6424CC0962E}.Debug|x64.ActiveCfg = Debug|Any CPU
		{E2553F03-6B21-467C-A709-B6424CC0962E}.Debug|x64.Build.0 = Debug|Any CPU
		{E2553F03-6B21-467C-A709-B6424CC0962E}.Debug|x86.ActiveCfg = Debug|Any CPU
		{E2553F03-6B21-467C-A709-B6424CC0962E}.Debug|x86.Build.0 = Debug|Any CPU
		{E2553F03-6B21-467C-A709-B6424CC0962E}.Release|Any CPU.ActiveCfg = Release|Any CPU
		{E2553F03-6B21-467C-A709-B6424CC0962E}.Release|Any CPU.Build.0 = Release|Any CPU
		{E2553F03-6B21-467C-A709-B6424CC0962E}.Release|ARM.ActiveCfg = Release|Any CPU
		{E2553F03-6B21-467C-A709-B6424CC0962E}.Release|ARM.Build.0 = Release|Any CPU
		{E2553F03-6B21-467C-A709-B6424CC0962E}.Release|x64.ActiveCfg = Release|Any CPU
		{E2553F03-6B21-467C-A709-B6424CC0962E}.Release|x64.Build.0 = Release|Any CPU
		{E2553F03-6B21-467C-A709-B6424CC0962E}.Release|x86.ActiveCfg = Release|Any CPU
		{E2553F03-6B21-467C-A709-B6424CC0962E}.Release|x86.Build.0 = Release|Any CPU
		{6D56286B-219A-47AF-A63D-F2EBEBE4C457}.Debug|Any CPU.ActiveCfg = Debug|Any CPU
		{6D56286B-219A-47AF-A63D-F2EBEBE4C457}.Debug|Any CPU.Build.0 = Debug|Any CPU
		{6D56286B-219A-47AF-A63D-F2EBEBE4C457}.Debug|ARM.ActiveCfg = Debug|Any CPU
		{6D56286B-219A-47AF-A63D-F2EBEBE4C457}.Debug|ARM.Build.0 = Debug|Any CPU
		{6D56286B-219A-47AF-A63D-F2EBEBE4C457}.Debug|x64.ActiveCfg = Debug|Any CPU
		{6D56286B-219A-47AF-A63D-F2EBEBE4C457}.Debug|x64.Build.0 = Debug|Any CPU
		{6D56286B-219A-47AF-A63D-F2EBEBE4C457}.Debug|x86.ActiveCfg = Debug|Any CPU
		{6D56286B-219A-47AF-A63D-F2EBEBE4C457}.Debug|x86.Build.0 = Debug|Any CPU
		{6D56286B-219A-47AF-A63D-F2EBEBE4C457}.Release|Any CPU.ActiveCfg = Release|Any CPU
		{6D56286B-219A-47AF-A63D-F2EBEBE4C457}.Release|Any CPU.Build.0 = Release|Any CPU
		{6D56286B-219A-47AF-A63D-F2EBEBE4C457}.Release|ARM.ActiveCfg = Release|Any CPU
		{6D56286B-219A-47AF-A63D-F2EBEBE4C457}.Release|ARM.Build.0 = Release|Any CPU
		{6D56286B-219A-47AF-A63D-F2EBEBE4C457}.Release|x64.ActiveCfg = Release|Any CPU
		{6D56286B-219A-47AF-A63D-F2EBEBE4C457}.Release|x64.Build.0 = Release|Any CPU
		{6D56286B-219A-47AF-A63D-F2EBEBE4C457}.Release|x86.ActiveCfg = Release|Any CPU
		{6D56286B-219A-47AF-A63D-F2EBEBE4C457}.Release|x86.Build.0 = Release|Any CPU
	EndGlobalSection
	GlobalSection(SolutionProperties) = preSolution
		HideSolutionNode = FALSE
	EndGlobalSection
EndGlobal
